# THIS IS AN AUTOGENERATED FILE. DO NOT EDIT THIS FILE DIRECTLY.
# yarn lockfile v1


"@emnapi/core@^1.7.1":
  version "1.8.1"
  resolved "https://registry.yarnpkg.com/@emnapi/core/-/core-1.8.1.tgz#fd9efe721a616288345ffee17a1f26ac5dd01349"
  integrity sha512-AvT9QFpxK0Zd8J0jopedNm+w/2fIzvtPKPjqyw9jwvBaReTTqPBk9Hixaz7KbjimP+QNz605/XnjFcDAL2pqBg==
  dependencies:
    "@emnapi/wasi-threads" "1.1.0"
    tslib "^2.4.0"

"@emnapi/runtime@^1.7.1":
  version "1.8.1"
  resolved "https://registry.yarnpkg.com/@emnapi/runtime/-/runtime-1.8.1.tgz#550fa7e3c0d49c5fb175a116e8cd70614f9a22a5"
  integrity sha512-mehfKSMWjjNol8659Z8KxEMrdSJDDot5SXMq00dM8BN4o+CLNXQ0xH2V7EchNHV4RmbZLmmPdEaXZc5H2FXmDg==
  dependencies:
    tslib "^2.4.0"

"@emnapi/wasi-threads@1.1.0":
  version "1.1.0"
  resolved "https://registry.yarnpkg.com/@emnapi/wasi-threads/-/wasi-threads-1.1.0.tgz#60b2102fddc9ccb78607e4a3cf8403ea69be41bf"
  integrity sha512-WI0DdZ8xFSbgMjR1sFsKABJ/C5OnRrjT06JXbZKexJGrDuPTzZdDYfFlsgcCXCyf+suG5QU2e/y1Wo2V/OapLQ==
  dependencies:
    tslib "^2.4.0"

"@napi-rs/wasm-runtime@^1.1.1":
  version "1.1.1"
  resolved "https://registry.yarnpkg.com/@napi-rs/wasm-runtime/-/wasm-runtime-1.1.1.tgz#c3705ab549d176b8dc5172723d6156c3dc426af2"
  integrity sha512-p64ah1M1ld8xjWv3qbvFwHiFVWrq1yFvV4f7w+mzaqiR4IlSgkqhcRdHwsGgomwzBH51sRY4NEowLxnaBjcW/A==
  dependencies:
    "@emnapi/core" "^1.7.1"
    "@emnapi/runtime" "^1.7.1"
    "@tybys/wasm-util" "^0.10.1"

"@oxc-project/runtime@0.115.0":
  version "0.115.0"
  resolved "https://registry.yarnpkg.com/@oxc-project/runtime/-/runtime-0.115.0.tgz#5e8350088964e1d8e0c73cfccfc1d71ca2e2f4a2"
  integrity sha512-Rg8Wlt5dCbXhQnsXPrkOjL1DTSvXLgb2R/KYfnf1/K+R0k6UMLEmbQXPM+kwrWqSmWA2t0B1EtHy2/3zikQpvQ==

"@oxc-project/types@=0.115.0":
  version "0.115.0"
  resolved "https://registry.yarnpkg.com/@oxc-project/types/-/types-0.115.0.tgz#92a599543529bce45f8f2da77f40a124d63349dc"
  integrity sha512-4n91DKnebUS4yjUHl2g3/b2T+IUdCfmoZGhmwsovZCDaJSs+QkVAM+0AqqTxHSsHfeiMuueT75cZaZcT/m0pSw==

"@rolldown/binding-android-arm64@1.0.0-rc.8":
  version "1.0.0-rc.8"
  resolved "https://registry.yarnpkg.com/@rolldown/binding-android-arm64/-/binding-android-arm64-1.0.0-rc.8.tgz#23f5e16c413f8953ddcaec6f1a81875cb7f5e5d5"
  integrity sha512-5bcmMQDWEfWUq3m79Mcf/kbO6e5Jr6YjKSsA1RnpXR6k73hQ9z1B17+4h93jXpzHvS18p7bQHM1HN/fSd+9zog==

"@rolldown/binding-darwin-arm64@1.0.0-rc.8":
  version "1.0.0-rc.8"
  resolved "https://registry.yarnpkg.com/@rolldown/binding-darwin-arm64/-/binding-darwin-arm64-1.0.0-rc.8.tgz#0e48c0eeffb86f4ca35a1c25516399de7295ca44"
  integrity sha512-dcHPd5N4g9w2iiPRJmAvO0fsIWzF2JPr9oSuTjxLL56qu+oML5aMbBMNwWbk58Mt3pc7vYs9CCScwLxdXPdRsg==

"@rolldown/binding-darwin-x64@1.0.0-rc.8":
  version "1.0.0-rc.8"
  resolved "https://registry.yarnpkg.com/@rolldown/binding-darwin-x64/-/binding-darwin-x64-1.0.0-rc.8.tgz#af814776f7d0a59cb9e0d74f0b8d0ac9da4da9e6"
  integrity sha512-mw0VzDvoj8AuR761QwpdCFN0sc/jspuc7eRYJetpLWd+XyansUrH3C7IgNw6swBOgQT9zBHNKsVCjzpfGJlhUA==

"@rolldown/binding-freebsd-x64@1.0.0-rc.8":
  version "1.0.0-rc.8"
  resolved "https://registry.yarnpkg.com/@rolldown/binding-freebsd-x64/-/binding-freebsd-x64-1.0.0-rc.8.tgz#0f888294edc31cb029207ed62ab6ba0e61bab273"
  integrity sha512-xNrRa6mQ9NmMIJBdJtPMPG8Mso0OhM526pDzc/EKnRrIrrkHD1E0Z6tONZRmUeJElfsQ6h44lQQCcDilSNIvSQ==

"@rolldown/binding-linux-arm-gnueabihf@1.0.0-rc.8":
  version "1.0.0-rc.8"
  resolved "https://registry.yarnpkg.com/@rolldown/binding-linux-arm-gnueabihf/-/binding-linux-arm-gnueabihf-1.0.0-rc.8.tgz#bf644c2709971d92c3b5bbf98a97c81543158f20"
  integrity sha512-WgCKoO6O/rRUwimWfEJDeztwJJmuuX0N2bYLLRxmXDTtCwjToTOqk7Pashl/QpQn3H/jHjx0b5yCMbcTVYVpNg==

"@rolldown/binding-linux-arm64-gnu@1.0.0-rc.8":
  version "1.0.0-rc.8"
  resolved "https://registry.yarnpkg.com/@rolldown/binding-linux-arm64-gnu/-/binding-linux-arm64-gnu-1.0.0-rc.8.tgz#d963a0750e92fc51275df7266d9a06a5a9779558"
  integrity sha512-tOHgTOQa8G4Z3ULj4G3NYOGGJEsqPHR91dT72u63OtVsZ7B6wFJKOx+ZKv+pvwzxWz92/I2ycaqi2/Ll4l+rlg==

"@rolldown/binding-linux-arm64-musl@1.0.0-rc.8":
  version "1.0.0-rc.8"
  resolved "https://registry.yarnpkg.com/@rolldown/binding-linux-arm64-musl/-/binding-linux-arm64-musl-1.0.0-rc.8.tgz#fec0708a3eddd735024b676f99515ac73c931546"
  integrity sha512-oRbxcgDujCi2Yp1GTxoUFsIFlZsuPHU4OV4AzNc3/6aUmR4lfm9FK0uwQu82PJsuUwnF2jFdop3Ep5c1uK7Uxg==

"@rolldown/binding-linux-ppc64-gnu@1.0.0-rc.8":
  version "1.0.0-rc.8"
  resolved "https://registry.yarnpkg.com/@rolldown/binding-linux-ppc64-gnu/-/binding-linux-ppc64-gnu-1.0.0-rc.8.tgz#19b13129c651caf66fd9eeb873ee061a918b4ba3"
  integrity sha512-oaLRyUHw8kQE5M89RqrDJZ10GdmGJcMeCo8tvaE4ukOofqgjV84AbqBSH6tTPjeT2BHv+xlKj678GBuIb47lKA==

"@rolldown/binding-linux-s390x-gnu@1.0.0-rc.8":
  version "1.0.0-rc.8"
  resolved "https://registry.yarnpkg.com/@rolldown/binding-linux-s390x-gnu/-/binding-linux-s390x-gnu-1.0.0-rc.8.tgz#d1f9e9761edd0bee54528921cdd18746ef4ce333"
  integrity sha512-1hjSKFrod5MwBBdLOOA0zpUuSfSDkYIY+QqcMcIU1WOtswZtZdUkcFcZza9b2HcAb0bnpmmyo0LZcaxLb2ov1g==

"@rolldown/binding-linux-x64-gnu@1.0.0-rc.8":
  version "1.0.0-rc.8"
  resolved "https://registry.yarnpkg.com/@rolldown/binding-linux-x64-gnu/-/binding-linux-x64-gnu-1.0.0-rc.8.tgz#f925388e56f242e9c214335ed8bdbbbd80c5d261"
  integrity sha512-a1+F0aV4Wy9tT3o+cHl3XhOy6aFV+B8Ll+/JFj98oGkb6lGk3BNgrxd+80RwYRVd23oLGvj3LwluKYzlv1PEuw==

"@rolldown/binding-linux-x64-musl@1.0.0-rc.8":
  version "1.0.0-rc.8"
  resolved "https://registry.yarnpkg.com/@rolldown/binding-linux-x64-musl/-/binding-linux-x64-musl-1.0.0-rc.8.tgz#1b5aca07bafdff8b8ae2d999666dc379773b74fb"
  integrity sha512-bGyXCFU11seFrf7z8PcHSwGEiFVkZ9vs+auLacVOQrVsI8PFHJzzJROF3P6b0ODDmXr0m6Tj5FlDhcXVk0Jp8w==

"@rolldown/binding-openharmony-arm64@1.0.0-rc.8":
  version "1.0.0-rc.8"
  resolved "https://registry.yarnpkg.com/@rolldown/binding-openharmony-arm64/-/binding-openharmony-arm64-1.0.0-rc.8.tgz#947c4382712c03127205a45234faeecffa0f51dc"
  integrity sha512-n8d+L2bKgf9G3+AM0bhHFWdlz9vYKNim39ujRTieukdRek0RAo2TfG2uEnV9spa4r4oHUfL9IjcY3M9SlqN1gw==

"@rolldown/binding-wasm32-wasi@1.0.0-rc.8":
  version "1.0.0-rc.8"
  resolved "https://registry.yarnpkg.com/@rolldown/binding-wasm32-wasi/-/binding-wasm32-wasi-1.0.0-rc.8.tgz#caa0679f6605b32680984561032a991a840dc328"
  integrity sha512-4R4iJDIk7BrJdteAbEAICXPoA7vZoY/M0OBfcRlQxzQvUYMcEp2GbC/C8UOgQJhu2TjGTpX1H8vVO1xHWcRqQA==
  dependencies:
    "@napi-rs/wasm-runtime" "^1.1.1"

"@rolldown/binding-win32-arm64-msvc@1.0.0-rc.8":
  version "1.0.0-rc.8"
  resolved "https://registry.yarnpkg.com/@rolldown/binding-win32-arm64-msvc/-/binding-win32-arm64-msvc-1.0.0-rc.8.tgz#18407b8126e42c778e6a90f6e4fe59aaa0347c0f"
  integrity sha512-3lwnklba9qQOpFnQ7EW+A1m4bZTWXZE4jtehsZ0YOl2ivW1FQqp5gY7X2DLuKITggesyuLwcmqS11fA7NtrmrA==

"@rolldown/binding-win32-x64-msvc@1.0.0-rc.8":
  version "1.0.0-rc.8"
  resolved "https://registry.yarnpkg.com/@rolldown/binding-win32-x64-msvc/-/binding-win32-x64-msvc-1.0.0-rc.8.tgz#8749680b2e6dc7c9f1cb5f717f3714247e8cae2b"
  integrity sha512-VGjCx9Ha1P/r3tXGDZyG0Fcq7Q0Afnk64aaKzr1m40vbn1FL8R3W0V1ELDvPgzLXaaqK/9PnsqSaLWXfn6JtGQ==

"@rolldown/pluginutils@1.0.0-rc.8":
  version "1.0.0-rc.8"
  resolved "https://registry.yarnpkg.com/@rolldown/pluginutils/-/pluginutils-1.0.0-rc.8.tgz#dc3a733c56cc7f202b55ddb5bb5cbbe8c16185f8"
  integrity sha512-wzJwL82/arVfeSP3BLr1oTy40XddjtEdrdgtJ4lLRBu06mP3q/8HGM6K0JRlQuTA3XB0pNJx2so/nmpY4xyOew==

"@tybys/wasm-util@^0.10.1":
  version "0.10.1"
  resolved "https://registry.yarnpkg.com/@tybys/wasm-util/-/wasm-util-0.10.1.tgz#ecddd3205cf1e2d5274649ff0eedd2991ed7f414"
  integrity sha512-9tTaPJLSiejZKx+Bmog4uSubteqTvFrVrURwkmHixBo0G4seD0zUxp98E1DzUBJxLQ3NPwXrGKDiVjwx/DpPsg==
  dependencies:
    tslib "^2.4.0"

detect-libc@^2.0.3:
  version "2.1.2"
  resolved "https://registry.yarnpkg.com/detect-libc/-/detect-libc-2.1.2.tgz#689c5dcdc1900ef5583a4cb9f6d7b473742074ad"
  integrity sha512-Btj2BOOO83o3WyH59e8MgXsxEQVcarkUOpEYrubB0urwnN10yQ364rsiByU11nZlqWYZm05i/of7io4mzihBtQ==

fdir@^6.5.0:
  version "6.5.0"
  resolved "https://registry.yarnpkg.com/fdir/-/fdir-6.5.0.tgz#ed2ab967a331ade62f18d077dae192684d50d350"
  integrity sha512-tIbYtZbucOs0BRGqPJkshJUYdL+SDH7dVM8gjy+ERp3WAUjLEFJE+02kanyHtwjWOnwrKYBiwAmM0p4kLJAnXg==

fsevents@~2.3.3:
  version "2.3.3"
  resolved "https://registry.yarnpkg.com/fsevents/-/fsevents-2.3.3.tgz#cac6407785d03675a2a5e1a5305c697b347d90d6"
  integrity sha512-5xoDfX+fL7faATnagmWPpbFtwh/R77WmMMqqHGS65C3vvB0YHrgF+B1YmZ3441tMj5n63k0212XNoJwzlhffQw==

lightningcss-android-arm64@1.32.0:
  version "1.32.0"
  resolved "https://registry.yarnpkg.com/lightningcss-android-arm64/-/lightningcss-android-arm64-1.32.0.tgz#f033885116dfefd9c6f54787523e3514b61e1968"
  integrity sha512-YK7/ClTt4kAK0vo6w3X+Pnm0D2cf2vPHbhOXdoNti1Ga0al1P4TBZhwjATvjNwLEBCnKvjJc2jQgHXH0NEwlAg==

lightningcss-darwin-arm64@1.32.0:
  version "1.32.0"
  resolved "https://registry.yarnpkg.com/lightningcss-darwin-arm64/-/lightningcss-darwin-arm64-1.32.0.tgz#50b71871b01c8199584b649e292547faea7af9b5"
  integrity sha512-RzeG9Ju5bag2Bv1/lwlVJvBE3q6TtXskdZLLCyfg5pt+HLz9BqlICO7LZM7VHNTTn/5PRhHFBSjk5lc4cmscPQ==

lightningcss-darwin-x64@1.32.0:
  version "1.32.0"
  resolved "https://registry.yarnpkg.com/lightningcss-darwin-x64/-/lightningcss-darwin-x64-1.32.0.tgz#35f3e97332d130b9ca181e11b568ded6aebc6d5e"
  integrity sha512-U+QsBp2m/s2wqpUYT/6wnlagdZbtZdndSmut/NJqlCcMLTWp5muCrID+K5UJ6jqD2BFshejCYXniPDbNh73V8w==

lightningcss-freebsd-x64@1.32.0:
  version "1.32.0"
  resolved "https://registry.yarnpkg.com/lightningcss-freebsd-x64/-/lightningcss-freebsd-x64-1.32.0.tgz#9777a76472b64ed6ff94342ad64c7bafd794a575"
  integrity sha512-JCTigedEksZk3tHTTthnMdVfGf61Fky8Ji2E4YjUTEQX14xiy/lTzXnu1vwiZe3bYe0q+SpsSH/CTeDXK6WHig==

lightningcss-linux-arm-gnueabihf@1.32.0:
  version "1.32.0"
  resolved "https://registry.yarnpkg.com/lightningcss-linux-arm-gnueabihf/-/lightningcss-linux-arm-gnueabihf-1.32.0.tgz#13ae652e1ab73b9135d7b7da172f666c410ad53d"
  integrity sha512-x6rnnpRa2GL0zQOkt6rts3YDPzduLpWvwAF6EMhXFVZXD4tPrBkEFqzGowzCsIWsPjqSK+tyNEODUBXeeVHSkw==

lightningcss-linux-arm64-gnu@1.32.0:
  version "1.32.0"
  resolved "https://registry.yarnpkg.com/lightningcss-linux-arm64-gnu/-/lightningcss-linux-arm64-gnu-1.32.0.tgz#417858795a94592f680123a1b1f9da8a0e1ef335"
  integrity sha512-0nnMyoyOLRJXfbMOilaSRcLH3Jw5z9HDNGfT/gwCPgaDjnx0i8w7vBzFLFR1f6CMLKF8gVbebmkUN3fa/kQJpQ==

lightningcss-linux-arm64-musl@1.32.0:
  version "1.32.0"
  resolved "https://registry.yarnpkg.com/lightningcss-linux-arm64-musl/-/lightningcss-linux-arm64-musl-1.32.0.tgz#6be36692e810b718040802fd809623cffe732133"
  integrity sha512-UpQkoenr4UJEzgVIYpI80lDFvRmPVg6oqboNHfoH4CQIfNA+HOrZ7Mo7KZP02dC6LjghPQJeBsvXhJod/wnIBg==

lightningcss-linux-x64-gnu@1.32.0:
  version "1.32.0"
  resolved "https://registry.yarnpkg.com/lightningcss-linux-x64-gnu/-/lightningcss-linux-x64-gnu-1.32.0.tgz#0b7803af4eb21cfd38dd39fe2abbb53c7dd091f6"
  integrity sha512-V7Qr52IhZmdKPVr+Vtw8o+WLsQJYCTd8loIfpDaMRWGUZfBOYEJeyJIkqGIDMZPwPx24pUMfwSxxI8phr/MbOA==

lightningcss-linux-x64-musl@1.32.0:
  version "1.32.0"
  resolved "https://registry.yarnpkg.com/lightningcss-linux-x64-musl/-/lightningcss-linux-x64-musl-1.32.0.tgz#88dc8ba865ddddb1ac5ef04b0f161804418c163b"
  integrity sha512-bYcLp+Vb0awsiXg/80uCRezCYHNg1/l3mt0gzHnWV9XP1W5sKa5/TCdGWaR/zBM2PeF/HbsQv/j2URNOiVuxWg==

lightningcss-win32-arm64-msvc@1.32.0:
  version "1.32.0"
  resolved "https://registry.yarnpkg.com/lightningcss-win32-arm64-msvc/-/lightningcss-win32-arm64-msvc-1.32.0.tgz#4f30ba3fa5e925f5b79f945e8cc0d176c3b1ab38"
  integrity sha512-8SbC8BR40pS6baCM8sbtYDSwEVQd4JlFTOlaD3gWGHfThTcABnNDBda6eTZeqbofalIJhFx0qKzgHJmcPTnGdw==

lightningcss-win32-x64-msvc@1.32.0:
  version "1.32.0"
  resolved "https://registry.yarnpkg.com/lightningcss-win32-x64-msvc/-/lightningcss-win32-x64-msvc-1.32.0.tgz#141aa5605645064928902bb4af045fa7d9f4220a"
  integrity sha512-Amq9B/SoZYdDi1kFrojnoqPLxYhQ4Wo5XiL8EVJrVsB8ARoC1PWW6VGtT0WKCemjy8aC+louJnjS7U18x3b06Q==

lightningcss@^1.31.1:
  version "1.32.0"
  resolved "https://registry.yarnpkg.com/lightningcss/-/lightningcss-1.32.0.tgz#b85aae96486dcb1bf49a7c8571221273f4f1e4a9"
  integrity sha512-NXYBzinNrblfraPGyrbPoD19C1h9lfI/1mzgWYvXUTe414Gz/X1FD2XBZSZM7rRTrMA8JL3OtAaGifrIKhQ5yQ==
  dependencies:
    detect-libc "^2.0.3"
  optionalDependencies:
    lightningcss-android-arm64 "1.32.0"
    lightningcss-darwin-arm64 "1.32.0"
    lightningcss-darwin-x64 "1.32.0"
    lightningcss-freebsd-x64 "1.32.0"
    lightningcss-linux-arm-gnueabihf "1.32.0"
    lightningcss-linux-arm64-gnu "1.32.0"
    lightningcss-linux-arm64-musl "1.32.0"
    lightningcss-linux-x64-gnu "1.32.0"
    lightningcss-linux-x64-musl "1.32.0"
    lightningcss-win32-arm64-msvc "1.32.0"
    lightningcss-win32-x64-msvc "1.32.0"

nanoid@^3.3.11:
  version "3.3.11"
  resolved "https://registry.yarnpkg.com/nanoid/-/nanoid-3.3.11.tgz#4f4f112cefbe303202f2199838128936266d185b"
  integrity sha512-N8SpfPUnUp1bK+PMYW8qSWdl9U+wwNWI4QKxOYDy9JAro3WMX7p2OeVRF9v+347pnakNevPmiHhNmZ2HbFA76w==

picocolors@^1.1.1:
  version "1.1.1"
  resolved "https://registry.yarnpkg.com/picocolors/-/picocolors-1.1.1.tgz#3d321af3eab939b083c8f929a1d12cda81c26b6b"
  integrity sha512-xceH2snhtb5M9liqDsmEw56le376mTZkEX/jEb/RxNFyegNul7eNslCXP9FDj/Lcu0X8KEyMceP2ntpaHrDEVA==

picomatch@^4.0.3:
  version "4.0.3"
  resolved "https://registry.yarnpkg.com/picomatch/-/picomatch-4.0.3.tgz#796c76136d1eead715db1e7bad785dedd695a042"
  integrity sha512-5gTmgEY/sqK6gFXLIsQNH19lWb4ebPDLA4SdLP7dsWkIXHWlG66oPuVvXSGFPppYZz8ZDZq0dYYrbHfBCVUb1Q==

postcss@^8.5.6:
  version "8.5.8"
  resolved "https://registry.yarnpkg.com/postcss/-/postcss-8.5.8.tgz#6230ecc8fb02e7a0f6982e53990937857e13f399"
  integrity sha512-OW/rX8O/jXnm82Ey1k44pObPtdblfiuWnrd8X7GJ7emImCOstunGbXUpp7HdBrFQX6rJzn3sPT397Wp5aCwCHg==
  dependencies:
    nanoid "^3.3.11"
    picocolors "^1.1.1"
    source-map-js "^1.2.1"

rolldown@1.0.0-rc.8:
  version "1.0.0-rc.8"
  resolved "https://registry.yarnpkg.com/rolldown/-/rolldown-1.0.0-rc.8.tgz#0c91d09adbb40927077c90d4df441feaba0ba4c3"
  integrity sha512-RGOL7mz/aoQpy/y+/XS9iePBfeNRDUdozrhCEJxdpJyimW8v6yp4c30q6OviUU5AnUJVLRL9GP//HUs6N3ALrQ==
  dependencies:
    "@oxc-project/types" "=0.115.0"
    "@rolldown/pluginutils" "1.0.0-rc.8"
  optionalDependencies:
    "@rolldown/binding-android-arm64" "1.0.0-rc.8"
    "@rolldown/binding-darwin-arm64" "1.0.0-rc.8"
    "@rolldown/binding-darwin-x64" "1.0.0-rc.8"
    "@rolldown/binding-freebsd-x64" "1.0.0-rc.8"
    "@rolldown/binding-linux-arm-gnueabihf" "1.0.0-rc.8"
    "@rolldown/binding-linux-arm64-gnu" "1.0.0-rc.8"
    "@rolldown/binding-linux-arm64-musl" "1.0.0-rc.8"
    "@rolldown/binding-linux-ppc64-gnu" "1.0.0-rc.8"
    "@rolldown/binding-linux-s390x-gnu" "1.0.0-rc.8"
    "@rolldown/binding-linux-x64-gnu" "1.0.0-rc.8"
    "@rolldown/binding-linux-x64-musl" "1.0.0-rc.8"
    "@rolldown/binding-openharmony-arm64" "1.0.0-rc.8"
    "@rolldown/binding-wasm32-wasi" "1.0.0-rc.8"
    "@rolldown/binding-win32-arm64-msvc" "1.0.0-rc.8"
    "@rolldown/binding-win32-x64-msvc" "1.0.0-rc.8"

source-map-js@^1.2.1:
  version "1.2.1"
  resolved "https://registry.yarnpkg.com/source-map-js/-/source-map-js-1.2.1.tgz#1ce5650fddd87abc099eda37dcff024c2667ae46"
  integrity sha512-UXWMKhLOwVKb728IUtQPXxfYU+usdybtUrK/8uGE8CQMvrhOpwvzDBwj0QhSL7MQc7vIsISBG8VQ8+IDQxpfQA==

tinyglobby@^0.2.15:
  version "0.2.15"
  resolved "https://registry.yarnpkg.com/tinyglobby/-/tinyglobby-0.2.15.tgz#e228dd1e638cea993d2fdb4fcd2d4602a79951c2"
  integrity sha512-j2Zq4NyQYG5XMST4cbs02Ak8iJUdxRM0XI5QyxXuZOzKOINmWurp3smXu3y5wDcJrptwpSjgXHzIQxR0omXljQ==
  dependencies:
    fdir "^6.5.0"
    picomatch "^4.0.3"

tslib@^2.4.0:
  version "2.8.1"
  resolved "https://registry.yarnpkg.com/tslib/-/tslib-2.8.1.tgz#612efe4ed235d567e8aba5f2a5fab70280ade83f"
  integrity sha512-oJFu94HQb+KVduSUQL7wnpmqnfmLsOA/nAh6b6EH0wCEoK0/mPeXU6c3wKDV83MkOuHPRHtSXKKU99IBazS/2w==

typescript@~5.9.3:
  version "5.9.3"
  resolved "https://registry.yarnpkg.com/typescript/-/typescript-5.9.3.tgz#5b4f59e15310ab17a216f5d6cf53ee476ede670f"
  integrity sha512-jl1vZzPDinLr9eUt3J/t7V6FgNEw9QjvBPdysz9KfQDD41fQrC2Y4vKQdiaUpFT4bXlb1RHhLpp8wtm6M5TgSw==

vite@^8.0.0-beta.13:
  version "8.0.0-beta.18"
  resolved "https://registry.yarnpkg.com/vite/-/vite-8.0.0-beta.18.tgz#9d56da005774bf9195453045a48e1fa1d2570b50"
  integrity sha512-azgNbWdsO/WBqHQxwSCy+zd+Fq+37Fix2hn64cQuiUvaaGGSUac7f8RGQhI1aQl9OKbfWblrCFLWs+tln06c2A==
  dependencies:
    "@oxc-project/runtime" "0.115.0"
    lightningcss "^1.31.1"
    picomatch "^4.0.3"
    postcss "^8.5.6"
    rolldown "1.0.0-rc.8"
    tinyglobby "^0.2.15"
  optionalDependencies:
    fsevents "~2.3.3"
